
Microsoft Visual Studio Solution File, Format Version 12.00
# Visual Studio Version 16
VisualStudioVersion = 16.0.29403.142
MinimumVisualStudioVersion = 10.0.40219.1
Project("{FAE04EC0-301F-11D3-BF4B-00C04F79EFBC}") = "asyncExercise", "asyncExercise\asyncExercise.csproj", "{31C81290-C33B-419B-BF3C-1EAE9B8AC86F}"
EndProject
Global
	GlobalSection(SolutionConfigurationPlatforms) = preSolution
		Debug|Any CPU = Debug|Any CPU
		Release|Any CPU = Release|Any CPU
	EndGlobalSection
	GlobalSection(ProjectConfigurationPlatforms) = postSolution
		{31C81290-C33B-419B-BF3C-1EAE9B8AC86F}.Debug|Any CPU.ActiveCfg = Debug|Any CPU
		{31C81290-C33B-419B-BF3C-1EAE9B8AC86F}.Debug|Any CPU.Build.0 = Debug|Any CPU
		{31C81290-C33B-419B-BF3C-1EAE9B8AC86F}.Release|Any CPU.ActiveCfg = Release|Any CPU
		{31C81290-C33B-419B-BF3C-1EAE9B8AC86F}.Release|Any CPU.Build.0 = Release|Any CPU
	EndGlobalSection
	GlobalSection(SolutionProperties) = preSolution
		HideSolutionNode = FALSE
	EndGlobalSection
	GlobalSection(ExtensibilityGlobals) = postSolution
		SolutionGuid = {5C642FC9-4EF8-4FCB-8A11-0513E00992EC}
	EndGlobalSection
EndGlobal
