
Microsoft Visual Studio Solution File, Format Version 12.00
# Visual Studio Version 16
VisualStudioVersion = 16.0.29403.142
MinimumVisualStudioVersion = 10.0.40219.1
Project("{FAE04EC0-301F-11D3-BF4B-00C04F79EFBC}") = "NullOperatorsExercise", "NullOperatorsExercise\NullOperatorsExercise.csproj", "{8B72AAC9-A92B-4D36-99B7-9BEDD49A4926}"
EndProject
Global
	GlobalSection(SolutionConfigurationPlatforms) = preSolution
		Debug|Any CPU = Debug|Any CPU
		Release|Any CPU = Release|Any CPU
	EndGlobalSection
	GlobalSection(ProjectConfigurationPlatforms) = postSolution
		{8B72AAC9-A92B-4D36-99B7-9BEDD49A4926}.Debug|Any CPU.ActiveCfg = Debug|Any CPU
		{8B72AAC9-A92B-4D36-99B7-9BEDD49A4926}.Debug|Any CPU.Build.0 = Debug|Any CPU
		{8B72AAC9-A92B-4D36-99B7-9BEDD49A4926}.Release|Any CPU.ActiveCfg = Release|Any CPU
		{8B72AAC9-A92B-4D36-99B7-9BEDD49A4926}.Release|Any CPU.Build.0 = Release|Any CPU
	EndGlobalSection
	GlobalSection(SolutionProperties) = preSolution
		HideSolutionNode = FALSE
	EndGlobalSection
	GlobalSection(ExtensibilityGlobals) = postSolution
		SolutionGuid = {752EB657-962D-4BD4-A65E-DF9A6A492201}
	EndGlobalSection
EndGlobal
