
Microsoft Visual Studio Solution File, Format Version 12.00
# Visual Studio Version 16
VisualStudioVersion = 16.0.29411.108
MinimumVisualStudioVersion = 10.0.40219.1
Project("{FAE04EC0-301F-11D3-BF4B-00C04F79EFBC}") = "PatternMatchingPart1Exercise", "PatternMatchingPart1Exercise\PatternMatchingPart1Exercise.csproj", "{B3BE78B9-28CF-4D69-AF91-660DF2179341}"
EndProject
Global
	GlobalSection(SolutionConfigurationPlatforms) = preSolution
		Debug|Any CPU = Debug|Any CPU
		Release|Any CPU = Release|Any CPU
	EndGlobalSection
	GlobalSection(ProjectConfigurationPlatforms) = postSolution
		{B3BE78B9-28CF-4D69-AF91-660DF2179341}.Debug|Any CPU.ActiveCfg = Debug|Any CPU
		{B3BE78B9-28CF-4D69-AF91-660DF2179341}.Debug|Any CPU.Build.0 = Debug|Any CPU
		{B3BE78B9-28CF-4D69-AF91-660DF2179341}.Release|Any CPU.ActiveCfg = Release|Any CPU
		{B3BE78B9-28CF-4D69-AF91-660DF2179341}.Release|Any CPU.Build.0 = Release|Any CPU
	EndGlobalSection
	GlobalSection(SolutionProperties) = preSolution
		HideSolutionNode = FALSE
	EndGlobalSection
	GlobalSection(ExtensibilityGlobals) = postSolution
		SolutionGuid = {1D6ABFB6-1595-4272-A3C8-0488EFABA176}
	EndGlobalSection
EndGlobal
