
Microsoft Visual Studio Solution File, Format Version 12.00
# Visual Studio Version 16
VisualStudioVersion = 16.0.29403.142
MinimumVisualStudioVersion = 10.0.40219.1
Project("{FAE04EC0-301F-11D3-BF4B-00C04F79EFBC}") = "DelegateExercise", "DelegateExercise\DelegateExercise.csproj", "{47ACFCDC-EE5D-4B24-97B7-C84CA51A1EF2}"
EndProject
Global
	GlobalSection(SolutionConfigurationPlatforms) = preSolution
		Debug|Any CPU = Debug|Any CPU
		Release|Any CPU = Release|Any CPU
	EndGlobalSection
	GlobalSection(ProjectConfigurationPlatforms) = postSolution
		{47ACFCDC-EE5D-4B24-97B7-C84CA51A1EF2}.Debug|Any CPU.ActiveCfg = Debug|Any CPU
		{47ACFCDC-EE5D-4B24-97B7-C84CA51A1EF2}.Debug|Any CPU.Build.0 = Debug|Any CPU
		{47ACFCDC-EE5D-4B24-97B7-C84CA51A1EF2}.Release|Any CPU.ActiveCfg = Release|Any CPU
		{47ACFCDC-EE5D-4B24-97B7-C84CA51A1EF2}.Release|Any CPU.Build.0 = Release|Any CPU
	EndGlobalSection
	GlobalSection(SolutionProperties) = preSolution
		HideSolutionNode = FALSE
	EndGlobalSection
	GlobalSection(ExtensibilityGlobals) = postSolution
		SolutionGuid = {B0651F0D-F390-4834-A3A1-0AD07D8C4AD5}
	EndGlobalSection
EndGlobal
